
Microsoft Visual Studio Solution File, Format Version 12.00
# Visual Studio Version 17
VisualStudioVersion = 17.9.34622.214
MinimumVisualStudioVersion = 10.0.40219.1
Project("{FAE04EC0-301F-11D3-BF4B-00C04F79EFBC}") = "ModuloApi", "ModuloApi\ModuloApi.csproj", "{FB0D38D0-7E8C-432B-A742-F3FF21D6DAA2}"
EndProject
Global
	GlobalSection(SolutionConfigurationPlatforms) = preSolution
		Debug|Any CPU = Debug|Any CPU
		Release|Any CPU = Release|Any CPU
	EndGlobalSection
	GlobalSection(ProjectConfigurationPlatforms) = postSolution
		{FB0D38D0-7E8C-432B-A742-F3FF21D6DAA2}.Debug|Any CPU.ActiveCfg = Debug|Any CPU
		{FB0D38D0-7E8C-432B-A742-F3FF21D6DAA2}.Debug|Any CPU.Build.0 = Debug|Any CPU
		{FB0D38D0-7E8C-432B-A742-F3FF21D6DAA2}.Release|Any CPU.ActiveCfg = Release|Any CPU
		{FB0D38D0-7E8C-432B-A742-F3FF21D6DAA2}.Release|Any CPU.Build.0 = Release|Any CPU
	EndGlobalSection
	GlobalSection(SolutionProperties) = preSolution
		HideSolutionNode = FALSE
	EndGlobalSection
	GlobalSection(ExtensibilityGlobals) = postSolution
		SolutionGuid = {9A990EA5-1F02-45C7-A714-06A47BF787EB}
	EndGlobalSection
EndGlobal
